// !$*UTF8*$!
{
	archiveVersion = 1;
	classes = {
	};
	objectVersion = 56;
	objects = {

/* Begin PBXBuildFile section */
		9DE5D7242A469B25002939BA /* TRYApp.swift in Sources */ = {isa = PBXBuildFile; fileRef = 9DE5D7232A469B25002939BA /* TRYApp.swift */; };
		9DE5D7262A469B25002939BA /* ContentView.swift in Sources */ = {isa = PBXBuildFile; fileRef = 9DE5D7252A469B25002939BA /* ContentView.swift */; };
		9DE5D7282A469B29002939BA /* Assets.xcassets in Resources */ = {isa = PBXBuildFile; fileRef = 9DE5D7272A469B29002939BA /* Assets.xcassets */; };
		9DE5D72C2A469B29002939BA /* Preview Assets.xcassets in Resources */ = {isa = PBXBuildFile; fileRef = 9DE5D72B2A469B29002939BA /* Preview Assets.xcassets */; };
		9DE5D7362A469B29002939BA /* TRYTests.swift in Sources */ = {isa = PBXBuildFile; fileRef = 9DE5D7352A469B29002939BA /* TRYTests.swift */; };
		9DE5D7402A469B29002939BA /* TRYUITests.swift in Sources */ = {isa = PBXBuildFile; fileRef = 9DE5D73F2A469B29002939BA /* TRYUITests.swift */; };
		9DE5D7422A469B29002939BA /* TRYUITestsLaunchTests.swift in Sources */ = {isa = PBXBuildFile; fileRef = 9DE5D7412A469B29002939BA /* TRYUITestsLaunchTests.swift */; };
/* End PBXBuildFile section */

/* Begin PBXContainerItemProxy section */
		9DE5D7322A469B29002939BA /* PBXContainerItemProxy */ = {
			isa = PBXContainerItemProxy;
			containerPortal = 9DE5D7182A469B24002939BA /* Project object */;
			proxyType = 1;
			remoteGlobalIDString = 9DE5D71F2A469B25002939BA;
			remoteInfo = TRY;
		};
		9DE5D73C2A469B29002939BA /* PBXContainerItemProxy */ = {
			isa = PBXContainerItemProxy;
			containerPortal = 9DE5D7182A469B24002939BA /* Project object */;
			proxyType = 1;
			remoteGlobalIDString = 9DE5D71F2A469B25002939BA;
			remoteInfo = TRY;
		};
/* End PBXContainerItemProxy section */

/* Begin PBXFileReference section */
		9DE5D7202A469B25002939BA /* TRY.app */ = {isa = PBXFileReference; explicitFileType = wrapper.application; includeInIndex = 0; path = TRY.app; sourceTree = BUILT_PRODUCTS_DIR; };
		9DE5D7232A469B25002939BA /* TRYApp.swift */ = {isa = PBXFileReference; lastKnownFileType = sourcecode.swift; path = TRYApp.swift; sourceTree = "<group>"; };
		9DE5D7252A469B25002939BA /* ContentView.swift */ = {isa = PBXFileReference; lastKnownFileType = sourcecode.swift; path = ContentView.swift; sourceTree = "<group>"; };
		9DE5D7272A469B29002939BA /* Assets.xcassets */ = {isa = PBXFileReference; lastKnownFileType = folder.assetcatalog; path = Assets.xcassets; sourceTree = "<group>"; };
		9DE5D7292A469B29002939BA /* TRY.entitlements */ = {isa = PBXFileReference; lastKnownFileType = text.plist.entitlements; path = TRY.entitlements; sourceTree = "<group>"; };
		9DE5D72B2A469B29002939BA /* Preview Assets.xcassets */ = {isa = PBXFileReference; lastKnownFileType = folder.assetcatalog; path = "Preview Assets.xcassets"; sourceTree = "<group>"; };
		9DE5D7312A469B29002939BA /* TRYTests.xctest */ = {isa = PBXFileReference; explicitFileType = wrapper.cfbundle; includeInIndex = 0; path = TRYTests.xctest; sourceTree = BUILT_PRODUCTS_DIR; };
		9DE5D7352A469B29002939BA /* TRYTests.swift */ = {isa = PBXFileReference; lastKnownFileType = sourcecode.swift; path = TRYTests.swift; sourceTree = "<group>"; };
		9DE5D73B2A469B29002939BA /* TRYUITests.xctest */ = {isa = PBXFileReference; explicitFileType = wrapper.cfbundle; includeInIndex = 0; path = TRYUITests.xctest; sourceTree = BUILT_PRODUCTS_DIR; };
		9DE5D73F2A469B29002939BA /* TRYUITests.swift */ = {isa = PBXFileReference; lastKnownFileType = sourcecode.swift; path = TRYUITests.swift; sourceTree = "<group>"; };
		9DE5D7412A469B29002939BA /* TRYUITestsLaunchTests.swift */ = {isa = PBXFileReference; lastKnownFileType = sourcecode.swift; path = TRYUITestsLaunchTests.swift; sourceTree = "<group>"; };
/* End PBXFileReference section */

/* Begin PBXFrameworksBuildPhase section */
		9DE5D71D2A469B25002939BA /* Frameworks */ = {
			isa = PBXFrameworksBuildPhase;
			buildActionMask = 2147483647;
			files = (
			);
			runOnlyForDeploymentPostprocessing = 0;
		};
		9DE5D72E2A469B29002939BA /* Frameworks */ = {
			isa = PBXFrameworksBuildPhase;
			buildActionMask = 2147483647;
			files = (
			);
			runOnlyForDeploymentPostprocessing = 0;
		};
		9DE5D7382A469B29002939BA /* Frameworks */ = {
			isa = PBXFrameworksBuildPhase;
			buildActionMask = 2147483647;
			files = (
			);
			runOnlyForDeploymentPostprocessing = 0;
		};
/* End PBXFrameworksBuildPhase section */

/* Begin PBXGroup section */
		9DE5D7172A469B24002939BA = {
			isa = PBXGroup;
			children = (
				9DE5D7222A469B25002939BA /* TRY */,
				9DE5D7342A469B29002939BA /* TRYTests */,
				9DE5D73E2A469B29002939BA /* TRYUITests */,
				9DE5D7212A469B25002939BA /* Products */,
			);
			sourceTree = "<group>";
		};
		9DE5D7212A469B25002939BA /* Products */ = {
			isa = PBXGroup;
			children = (
				9DE5D7202A469B25002939BA /* TRY.app */,
				9DE5D7312A469B29002939BA /* TRYTests.xctest */,
				9DE5D73B2A469B29002939BA /* TRYUITests.xctest */,
			);
			name = Products;
			sourceTree = "<group>";
		};
		9DE5D7222A469B25002939BA /* TRY */ = {
			isa = PBXGroup;
			children = (
				9DE5D7232A469B25002939BA /* TRYApp.swift */,
				9DE5D7252A469B25002939BA /* ContentView.swift */,
				9DE5D7272A469B29002939BA /* Assets.xcassets */,
				9DE5D7292A469B29002939BA /* TRY.entitlements */,
				9DE5D72A2A469B29002939BA /* Preview Content */,
			);
			path = TRY;
			sourceTree = "<group>";
		};
		9DE5D72A2A469B29002939BA /* Preview Content */ = {
			isa = PBXGroup;
			children = (
				9DE5D72B2A469B29002939BA /* Preview Assets.xcassets */,
			);
			path = "Preview Content";
			sourceTree = "<group>";
		};
		9DE5D7342A469B29002939BA /* TRYTests */ = {
			isa = PBXGroup;
			children = (
				9DE5D7352A469B29002939BA /* TRYTests.swift */,
			);
			path = TRYTests;
			sourceTree = "<group>";
		};
		9DE5D73E2A469B29002939BA /* TRYUITests */ = {
			isa = PBXGroup;
			children = (
				9DE5D73F2A469B29002939BA /* TRYUITests.swift */,
				9DE5D7412A469B29002939BA /* TRYUITestsLaunchTests.swift */,
			);
			path = TRYUITests;
			sourceTree = "<group>";
		};
/* End PBXGroup section */

/* Begin PBXNativeTarget section */
		9DE5D71F2A469B25002939BA /* TRY */ = {
			isa = PBXNativeTarget;
			buildConfigurationList = 9DE5D7452A469B29002939BA /* Build configuration list for PBXNativeTarget "TRY" */;
			buildPhases = (
				9DE5D71C2A469B25002939BA /* Sources */,
				9DE5D71D2A469B25002939BA /* Frameworks */,
				9DE5D71E2A469B25002939BA /* Resources */,
			);
			buildRules = (
			);
			dependencies = (
			);
			name = TRY;
			productName = TRY;
			productReference = 9DE5D7202A469B25002939BA /* TRY.app */;
			productType = "com.apple.product-type.application";
		};
		9DE5D7302A469B29002939BA /* TRYTests */ = {
			isa = PBXNativeTarget;
			buildConfigurationList = 9DE5D7482A469B29002939BA /* Build configuration list for PBXNativeTarget "TRYTests" */;
			buildPhases = (
				9DE5D72D2A469B29002939BA /* Sources */,
				9DE5D72E2A469B29002939BA /* Frameworks */,
				9DE5D72F2A469B29002939BA /* Resources */,
			);
			buildRules = (
			);
			dependencies = (
				9DE5D7332A469B29002939BA /* PBXTargetDependency */,
			);
			name = TRYTests;
			productName = TRYTests;
			productReference = 9DE5D7312A469B29002939BA /* TRYTests.xctest */;
			productType = "com.apple.product-type.bundle.unit-test";
		};
		9DE5D73A2A469B29002939BA /* TRYUITests */ = {
			isa = PBXNativeTarget;
			buildConfigurationList = 9DE5D74B2A469B29002939BA /* Build configuration list for PBXNativeTarget "TRYUITests" */;
			buildPhases = (
				9DE5D7372A469B29002939BA /* Sources */,
				9DE5D7382A469B29002939BA /* Frameworks */,
				9DE5D7392A469B29002939BA /* Resources */,
			);
			buildRules = (
			);
			dependencies = (
				9DE5D73D2A469B29002939BA /* PBXTargetDependency */,
			);
			name = TRYUITests;
			productName = TRYUITests;
			productReference = 9DE5D73B2A469B29002939BA /* TRYUITests.xctest */;
			productType = "com.apple.product-type.bundle.ui-testing";
		};
/* End PBXNativeTarget section */

/* Begin PBXProject section */
		9DE5D7182A469B24002939BA /* Project object */ = {
			isa = PBXProject;
			attributes = {
				BuildIndependentTargetsInParallel = 1;
				LastSwiftUpdateCheck = 1430;
				LastUpgradeCheck = 1430;
				TargetAttributes = {
					9DE5D71F2A469B25002939BA = {
						CreatedOnToolsVersion = 14.3.1;
					};
					9DE5D7302A469B29002939BA = {
						CreatedOnToolsVersion = 14.3.1;
						TestTargetID = 9DE5D71F2A469B25002939BA;
					};
					9DE5D73A2A469B29002939BA = {
						CreatedOnToolsVersion = 14.3.1;
						TestTargetID = 9DE5D71F2A469B25002939BA;
					};
				};
			};
			buildConfigurationList = 9DE5D71B2A469B24002939BA /* Build configuration list for PBXProject "TRY" */;
			compatibilityVersion = "Xcode 14.0";
			developmentRegion = en;
			hasScannedForEncodings = 0;
			knownRegions = (
				en,
				Base,
			);
			mainGroup = 9DE5D7172A469B24002939BA;
			productRefGroup = 9DE5D7212A469B25002939BA /* Products */;
			projectDirPath = "";
			projectRoot = "";
			targets = (
				9DE5D71F2A469B25002939BA /* TRY */,
				9DE5D7302A469B29002939BA /* TRYTests */,
				9DE5D73A2A469B29002939BA /* TRYUITests */,
			);
		};
/* End PBXProject section */

/* Begin PBXResourcesBuildPhase section */
		9DE5D71E2A469B25002939BA /* Resources */ = {
			isa = PBXResourcesBuildPhase;
			buildActionMask = 2147483647;
			files = (
				9DE5D72C2A469B29002939BA /* Preview Assets.xcassets in Resources */,
				9DE5D7282A469B29002939BA /* Assets.xcassets in Resources */,
			);
			runOnlyForDeploymentPostprocessing = 0;
		};
		9DE5D72F2A469B29002939BA /* Resources */ = {
			isa = PBXResourcesBuildPhase;
			buildActionMask = 2147483647;
			files = (
			);
			runOnlyForDeploymentPostprocessing = 0;
		};
		9DE5D7392A469B29002939BA /* Resources */ = {
			isa = PBXResourcesBuildPhase;
			buildActionMask = 2147483647;
			files = (
			);
			runOnlyForDeploymentPostprocessing = 0;
		};
/* End PBXResourcesBuildPhase section */

/* Begin PBXSourcesBuildPhase section */
		9DE5D71C2A469B25002939BA /* Sources */ = {
			isa = PBXSourcesBuildPhase;
			buildActionMask = 2147483647;
			files = (
				9DE5D7262A469B25002939BA /* ContentView.swift in Sources */,
				9DE5D7242A469B25002939BA /* TRYApp.swift in Sources */,
			);
			runOnlyForDeploymentPostprocessing = 0;
		};
		9DE5D72D2A469B29002939BA /* Sources */ = {
			isa = PBXSourcesBuildPhase;
			buildActionMask = 2147483647;
			files = (
				9DE5D7362A469B29002939BA /* TRYTests.swift in Sources */,
			);
			runOnlyForDeploymentPostprocessing = 0;
		};
		9DE5D7372A469B29002939BA /* Sources */ = {
			isa = PBXSourcesBuildPhase;
			buildActionMask = 2147483647;
			files = (
				9DE5D7422A469B29002939BA /* TRYUITestsLaunchTests.swift in Sources */,
				9DE5D7402A469B29002939BA /* TRYUITests.swift in Sources */,
			);
			runOnlyForDeploymentPostprocessing = 0;
		};
/* End PBXSourcesBuildPhase section */

/* Begin PBXTargetDependency section */
		9DE5D7332A469B29002939BA /* PBXTargetDependency */ = {
			isa = PBXTargetDependency;
			target = 9DE5D71F2A469B25002939BA /* TRY */;
			targetProxy = 9DE5D7322A469B29002939BA /* PBXContainerItemProxy */;
		};
		9DE5D73D2A469B29002939BA /* PBXTargetDependency */ = {
			isa = PBXTargetDependency;
			target = 9DE5D71F2A469B25002939BA /* TRY */;
			targetProxy = 9DE5D73C2A469B29002939BA /* PBXContainerItemProxy */;
		};
/* End PBXTargetDependency section */

/* Begin XCBuildConfiguration section */
		9DE5D7432A469B29002939BA /* Debug */ = {
			isa = XCBuildConfiguration;
			buildSettings = {
				ALWAYS_SEARCH_USER_PATHS = NO;
				CLANG_ANALYZER_NONNULL = YES;
				CLANG_ANALYZER_NUMBER_OBJECT_CONVERSION = YES_AGGRESSIVE;
				CLANG_CXX_LANGUAGE_STANDARD = "gnu++20";
				CLANG_ENABLE_MODULES = YES;
				CLANG_ENABLE_OBJC_ARC = YES;
				CLANG_ENABLE_OBJC_WEAK = YES;
				CLANG_WARN_BLOCK_CAPTURE_AUTORELEASING = YES;
				CLANG_WARN_BOOL_CONVERSION = YES;
				CLANG_WARN_COMMA = YES;
				CLANG_WARN_CONSTANT_CONVERSION = YES;
				CLANG_WARN_DEPRECATED_OBJC_IMPLEMENTATIONS = YES;
				CLANG_WARN_DIRECT_OBJC_ISA_USAGE = YES_ERROR;
				CLANG_WARN_DOCUMENTATION_COMMENTS = YES;
				CLANG_WARN_EMPTY_BODY = YES;
				CLANG_WARN_ENUM_CONVERSION = YES;
				CLANG_WARN_INFINITE_RECURSION = YES;
				CLANG_WARN_INT_CONVERSION = YES;
				CLANG_WARN_NON_LITERAL_NULL_CONVERSION = YES;
				CLANG_WARN_OBJC_IMPLICIT_RETAIN_SELF = YES;
				CLANG_WARN_OBJC_LITERAL_CONVERSION = YES;
				CLANG_WARN_OBJC_ROOT_CLASS = YES_ERROR;
				CLANG_WARN_QUOTED_INCLUDE_IN_FRAMEWORK_HEADER = YES;
				CLANG_WARN_RANGE_LOOP_ANALYSIS = YES;
				CLANG_WARN_STRICT_PROTOTYPES = YES;
				CLANG_WARN_SUSPICIOUS_MOVE = YES;
				CLANG_WARN_UNGUARDED_AVAILABILITY = YES_AGGRESSIVE;
				CLANG_WARN_UNREACHABLE_CODE = YES;
				CLANG_WARN__DUPLICATE_METHOD_MATCH = YES;
				COPY_PHASE_STRIP = NO;
				DEBUG_INFORMATION_FORMAT = dwarf;
				ENABLE_STRICT_OBJC_MSGSEND = YES;
				ENABLE_TESTABILITY = YES;
				GCC_C_LANGUAGE_STANDARD = gnu11;
				GCC_DYNAMIC_NO_PIC = NO;
				GCC_NO_COMMON_BLOCKS = YES;
				GCC_OPTIMIZATION_LEVEL = 0;
				GCC_PREPROCESSOR_DEFINITIONS = (
					"DEBUG=1",
					"$(inherited)",
				);
				GCC_WARN_64_TO_32_BIT_CONVERSION = YES;
				GCC_WARN_ABOUT_RETURN_TYPE = YES_ERROR;
				GCC_WARN_UNDECLARED_SELECTOR = YES;
				GCC_WARN_UNINITIALIZED_AUTOS = YES_AGGRESSIVE;
				GCC_WARN_UNUSED_FUNCTION = YES;
				GCC_WARN_UNUSED_VARIABLE = YES;
				MTL_ENABLE_DEBUG_INFO = INCLUDE_SOURCE;
				MTL_FAST_MATH = YES;
				ONLY_ACTIVE_ARCH = YES;
				SWIFT_ACTIVE_COMPILATION_CONDITIONS = DEBUG;
				SWIFT_OPTIMIZATION_LEVEL = "-Onone";
			};
			name = Debug;
		};
		9DE5D7442A469B29002939BA /* Release */ = {
			isa = XCBuildConfiguration;
			buildSettings = {
				ALWAYS_SEARCH_USER_PATHS = NO;
				CLANG_ANALYZER_NONNULL = YES;
				CLANG_ANALYZER_NUMBER_OBJECT_CONVERSION = YES_AGGRESSIVE;
				CLANG_CXX_LANGUAGE_STANDARD = "gnu++20";
				CLANG_ENABLE_MODULES = YES;
				CLANG_ENABLE_OBJC_ARC = YES;
				CLANG_ENABLE_OBJC_WEAK = YES;
				CLANG_WARN_BLOCK_CAPTURE_AUTORELEASING = YES;
				CLANG_WARN_BOOL_CONVERSION = YES;
				CLANG_WARN_COMMA = YES;
				CLANG_WARN_CONSTANT_CONVERSION = YES;
				CLANG_WARN_DEPRECATED_OBJC_IMPLEMENTATIONS = YES;
				CLANG_WARN_DIRECT_OBJC_ISA_USAGE = YES_ERROR;
				CLANG_WARN_DOCUMENTATION_COMMENTS = YES;
				CLANG_WARN_EMPTY_BODY = YES;
				CLANG_WARN_ENUM_CONVERSION = YES;
				CLANG_WARN_INFINITE_RECURSION = YES;
				CLANG_WARN_INT_CONVERSION = YES;
				CLANG_WARN_NON_LITERAL_NULL_CONVERSION = YES;
				CLANG_WARN_OBJC_IMPLICIT_RETAIN_SELF = YES;
				CLANG_WARN_OBJC_LITERAL_CONVERSION = YES;
				CLANG_WARN_OBJC_ROOT_CLASS = YES_ERROR;
				CLANG_WARN_QUOTED_INCLUDE_IN_FRAMEWORK_HEADER = YES;
				CLANG_WARN_RANGE_LOOP_ANALYSIS = YES;
				CLANG_WARN_STRICT_PROTOTYPES = YES;
				CLANG_WARN_SUSPICIOUS_MOVE = YES;
				CLANG_WARN_UNGUARDED_AVAILABILITY = YES_AGGRESSIVE;
				CLANG_WARN_UNREACHABLE_CODE = YES;
				CLANG_WARN__DUPLICATE_METHOD_MATCH = YES;
				COPY_PHASE_STRIP = NO;
				DEBUG_INFORMATION_FORMAT = "dwarf-with-dsym";
				ENABLE_NS_ASSERTIONS = NO;
				ENABLE_STRICT_OBJC_MSGSEND = YES;
				GCC_C_LANGUAGE_STANDARD = gnu11;
				GCC_NO_COMMON_BLOCKS = YES;
				GCC_WARN_64_TO_32_BIT_CONVERSION = YES;
				GCC_WARN_ABOUT_RETURN_TYPE = YES_ERROR;
				GCC_WARN_UNDECLARED_SELECTOR = YES;
				GCC_WARN_UNINITIALIZED_AUTOS = YES_AGGRESSIVE;
				GCC_WARN_UNUSED_FUNCTION = YES;
				GCC_WARN_UNUSED_VARIABLE = YES;
				MTL_ENABLE_DEBUG_INFO = NO;
				MTL_FAST_MATH = YES;
				SWIFT_COMPILATION_MODE = wholemodule;
				SWIFT_OPTIMIZATION_LEVEL = "-O";
			};
			name = Release;
		};
		9DE5D7462A469B29002939BA /* Debug */ = {
			isa = XCBuildConfiguration;
			buildSettings = {
				ASSETCATALOG_COMPILER_APPICON_NAME = AppIcon;
				ASSETCATALOG_COMPILER_GLOBAL_ACCENT_COLOR_NAME = AccentColor;
				CODE_SIGN_ENTITLEMENTS = TRY/TRY.entitlements;
				CODE_SIGN_STYLE = Automatic;
				CURRENT_PROJECT_VERSION = 1;
				DEVELOPMENT_ASSET_PATHS = "\"TRY/Preview Content\"";
				DEVELOPMENT_TEAM = 5D632VWN5D;
				ENABLE_HARDENED_RUNTIME = YES;
				ENABLE_PREVIEWS = YES;
				GENERATE_INFOPLIST_FILE = YES;
				"INFOPLIST_KEY_UIApplicationSceneManifest_Generation[sdk=iphoneos*]" = YES;
				"INFOPLIST_KEY_UIApplicationSceneManifest_Generation[sdk=iphonesimulator*]" = YES;
				"INFOPLIST_KEY_UIApplicationSupportsIndirectInputEvents[sdk=iphoneos*]" = YES;
				"INFOPLIST_KEY_UIApplicationSupportsIndirectInputEvents[sdk=iphonesimulator*]" = YES;
				"INFOPLIST_KEY_UILaunchScreen_Generation[sdk=iphoneos*]" = YES;
				"INFOPLIST_KEY_UILaunchScreen_Generation[sdk=iphonesimulator*]" = YES;
				"INFOPLIST_KEY_UIStatusBarStyle[sdk=iphoneos*]" = UIStatusBarStyleDefault;
				"INFOPLIST_KEY_UIStatusBarStyle[sdk=iphonesimulator*]" = UIStatusBarStyleDefault;
				INFOPLIST_KEY_UISupportedInterfaceOrientations_iPad = "UIInterfaceOrientationPortrait UIInterfaceOrientationPortraitUpsideDown UIInterfaceOrientationLandscapeLeft UIInterfaceOrientationLandscapeRight";
				INFOPLIST_KEY_UISupportedInterfaceOrientations_iPhone = "UIInterfaceOrientationPortrait UIInterfaceOrientationLandscapeLeft UIInterfaceOrientationLandscapeRight";
				IPHONEOS_DEPLOYMENT_TARGET = 16.4;
				LD_RUNPATH_SEARCH_PATHS = "@executable_path/Frameworks";
				"LD_RUNPATH_SEARCH_PATHS[sdk=macosx*]" = "@executable_path/../Frameworks";
				MACOSX_DEPLOYMENT_TARGET = 13.3;
				MARKETING_VERSION = 1.0;
				PRODUCT_BUNDLE_IDENTIFIER = com.ravid.try.TRY;
				PRODUCT_NAME = "$(TARGET_NAME)";
				SDKROOT = auto;
				SUPPORTED_PLATFORMS = "iphoneos iphonesimulator macosx";
				SWIFT_EMIT_LOC_STRINGS = YES;
				SWIFT_VERSION = 5.0;
				TARGETED_DEVICE_FAMILY = "1,2";
			};
			name = Debug;
		};
		9DE5D7472A469B29002939BA /* Release */ = {
			isa = XCBuildConfiguration;
			buildSettings = {
				ASSETCATALOG_COMPILER_APPICON_NAME = AppIcon;
				ASSETCATALOG_COMPILER_GLOBAL_ACCENT_COLOR_NAME = AccentColor;
				CODE_SIGN_ENTITLEMENTS = TRY/TRY.entitlements;
				CODE_SIGN_STYLE = Automatic;
				CURRENT_PROJECT_VERSION = 1;
				DEVELOPMENT_ASSET_PATHS = "\"TRY/Preview Content\"";
				DEVELOPMENT_TEAM = 5D632VWN5D;
				ENABLE_HARDENED_RUNTIME = YES;
				ENABLE_PREVIEWS = YES;
				GENERATE_INFOPLIST_FILE = YES;
				"INFOPLIST_KEY_UIApplicationSceneManifest_Generation[sdk=iphoneos*]" = YES;
				"INFOPLIST_KEY_UIApplicationSceneManifest_Generation[sdk=iphonesimulator*]" = YES;
				"INFOPLIST_KEY_UIApplicationSupportsIndirectInputEvents[sdk=iphoneos*]" = YES;
				"INFOPLIST_KEY_UIApplicationSupportsIndirectInputEvents[sdk=iphonesimulator*]" = YES;
				"INFOPLIST_KEY_UILaunchScreen_Generation[sdk=iphoneos*]" = YES;
				"INFOPLIST_KEY_UILaunchScreen_Generation[sdk=iphonesimulator*]" = YES;
				"INFOPLIST_KEY_UIStatusBarStyle[sdk=iphoneos*]" = UIStatusBarStyleDefault;
				"INFOPLIST_KEY_UIStatusBarStyle[sdk=iphonesimulator*]" = UIStatusBarStyleDefault;
				INFOPLIST_KEY_UISupportedInterfaceOrientations_iPad = "UIInterfaceOrientationPortrait UIInterfaceOrientationPortraitUpsideDown UIInterfaceOrientationLandscapeLeft UIInterfaceOrientationLandscapeRight";
				INFOPLIST_KEY_UISupportedInterfaceOrientations_iPhone = "UIInterfaceOrientationPortrait UIInterfaceOrientationLandscapeLeft UIInterfaceOrientationLandscapeRight";
				IPHONEOS_DEPLOYMENT_TARGET = 16.4;
				LD_RUNPATH_SEARCH_PATHS = "@executable_path/Frameworks";
				"LD_RUNPATH_SEARCH_PATHS[sdk=macosx*]" = "@executable_path/../Frameworks";
				MACOSX_DEPLOYMENT_TARGET = 13.3;
				MARKETING_VERSION = 1.0;
				PRODUCT_BUNDLE_IDENTIFIER = com.ravid.try.TRY;
				PRODUCT_NAME = "$(TARGET_NAME)";
				SDKROOT = auto;
				SUPPORTED_PLATFORMS = "iphoneos iphonesimulator macosx";
				SWIFT_EMIT_LOC_STRINGS = YES;
				SWIFT_VERSION = 5.0;
				TARGETED_DEVICE_FAMILY = "1,2";
			};
			name = Release;
		};
		9DE5D7492A469B29002939BA /* Debug */ = {
			isa = XCBuildConfiguration;
			buildSettings = {
				ALWAYS_EMBED_SWIFT_STANDARD_LIBRARIES = YES;
				BUNDLE_LOADER = "$(TEST_HOST)";
				CODE_SIGN_STYLE = Automatic;
				CURRENT_PROJECT_VERSION = 1;
				DEVELOPMENT_TEAM = 5D632VWN5D;
				GENERATE_INFOPLIST_FILE = YES;
				IPHONEOS_DEPLOYMENT_TARGET = 16.4;
				MACOSX_DEPLOYMENT_TARGET = 13.3;
				MARKETING_VERSION = 1.0;
				PRODUCT_BUNDLE_IDENTIFIER = com.ravid.try.TRYTests;
				PRODUCT_NAME = "$(TARGET_NAME)";
				SDKROOT = auto;
				SUPPORTED_PLATFORMS = "iphoneos iphonesimulator macosx";
				SWIFT_EMIT_LOC_STRINGS = NO;
				SWIFT_VERSION = 5.0;
				TARGETED_DEVICE_FAMILY = "1,2";
				TEST_HOST = "$(BUILT_PRODUCTS_DIR)/TRY.app/$(BUNDLE_EXECUTABLE_FOLDER_PATH)/TRY";
			};
			name = Debug;
		};
		9DE5D74A2A469B29002939BA /* Release */ = {
			isa = XCBuildConfiguration;
			buildSettings = {
				ALWAYS_EMBED_SWIFT_STANDARD_LIBRARIES = YES;
				BUNDLE_LOADER = "$(TEST_HOST)";
				CODE_SIGN_STYLE = Automatic;
				CURRENT_PROJECT_VERSION = 1;
				DEVELOPMENT_TEAM = 5D632VWN5D;
				GENERATE_INFOPLIST_FILE = YES;
				IPHONEOS_DEPLOYMENT_TARGET = 16.4;
				MACOSX_DEPLOYMENT_TARGET = 13.3;
				MARKETING_VERSION = 1.0;
				PRODUCT_BUNDLE_IDENTIFIER = com.ravid.try.TRYTests;
				PRODUCT_NAME = "$(TARGET_NAME)";
				SDKROOT = auto;
				SUPPORTED_PLATFORMS = "iphoneos iphonesimulator macosx";
				SWIFT_EMIT_LOC_STRINGS = NO;
				SWIFT_VERSION = 5.0;
				TARGETED_DEVICE_FAMILY = "1,2";
				TEST_HOST = "$(BUILT_PRODUCTS_DIR)/TRY.app/$(BUNDLE_EXECUTABLE_FOLDER_PATH)/TRY";
			};
			name = Release;
		};
		9DE5D74C2A469B29002939BA /* Debug */ = {
			isa = XCBuildConfiguration;
			buildSettings = {
				ALWAYS_EMBED_SWIFT_STANDARD_LIBRARIES = YES;
				CODE_SIGN_STYLE = Automatic;
				CURRENT_PROJECT_VERSION = 1;
				DEVELOPMENT_TEAM = 5D632VWN5D;
				GENERATE_INFOPLIST_FILE = YES;
				IPHONEOS_DEPLOYMENT_TARGET = 16.4;
				MACOSX_DEPLOYMENT_TARGET = 13.3;
				MARKETING_VERSION = 1.0;
				PRODUCT_BUNDLE_IDENTIFIER = com.ravid.try.TRYUITests;
				PRODUCT_NAME = "$(TARGET_NAME)";
				SDKROOT = auto;
				SUPPORTED_PLATFORMS = "iphoneos iphonesimulator macosx";
				SWIFT_EMIT_LOC_STRINGS = NO;
				SWIFT_VERSION = 5.0;
				TARGETED_DEVICE_FAMILY = "1,2";
				TEST_TARGET_NAME = TRY;
			};
			name = Debug;
		};
		9DE5D74D2A469B29002939BA /* Release */ = {
			isa = XCBuildConfiguration;
			buildSettings = {
				ALWAYS_EMBED_SWIFT_STANDARD_LIBRARIES = YES;
				CODE_SIGN_STYLE = Automatic;
				CURRENT_PROJECT_VERSION = 1;
				DEVELOPMENT_TEAM = 5D632VWN5D;
				GENERATE_INFOPLIST_FILE = YES;
				IPHONEOS_DEPLOYMENT_TARGET = 16.4;
				MACOSX_DEPLOYMENT_TARGET = 13.3;
				MARKETING_VERSION = 1.0;
				PRODUCT_BUNDLE_IDENTIFIER = com.ravid.try.TRYUITests;
				PRODUCT_NAME = "$(TARGET_NAME)";
				SDKROOT = auto;
				SUPPORTED_PLATFORMS = "iphoneos iphonesimulator macosx";
				SWIFT_EMIT_LOC_STRINGS = NO;
				SWIFT_VERSION = 5.0;
				TARGETED_DEVICE_FAMILY = "1,2";
				TEST_TARGET_NAME = TRY;
			};
			name = Release;
		};
/* End XCBuildConfiguration section */

/* Begin XCConfigurationList section */
		9DE5D71B2A469B24002939BA /* Build configuration list for PBXProject "TRY" */ = {
			isa = XCConfigurationList;
			buildConfigurations = (
				9DE5D7432A469B29002939BA /* Debug */,
				9DE5D7442A469B29002939BA /* Release */,
			);
			defaultConfigurationIsVisible = 0;
			defaultConfigurationName = Release;
		};
		9DE5D7452A469B29002939BA /* Build configuration list for PBXNativeTarget "TRY" */ = {
			isa = XCConfigurationList;
			buildConfigurations = (
				9DE5D7462A469B29002939BA /* Debug */,
				9DE5D7472A469B29002939BA /* Release */,
			);
			defaultConfigurationIsVisible = 0;
			defaultConfigurationName = Release;
		};
		9DE5D7482A469B29002939BA /* Build configuration list for PBXNativeTarget "TRYTests" */ = {
			isa = XCConfigurationList;
			buildConfigurations = (
				9DE5D7492A469B29002939BA /* Debug */,
				9DE5D74A2A469B29002939BA /* Release */,
			);
			defaultConfigurationIsVisible = 0;
			defaultConfigurationName = Release;
		};
		9DE5D74B2A469B29002939BA /* Build configuration list for PBXNativeTarget "TRYUITests" */ = {
			isa = XCConfigurationList;
			buildConfigurations = (
				9DE5D74C2A469B29002939BA /* Debug */,
				9DE5D74D2A469B29002939BA /* Release */,
			);
			defaultConfigurationIsVisible = 0;
			defaultConfigurationName = Release;
		};
/* End XCConfigurationList section */
	};
	rootObject = 9DE5D7182A469B24002939BA /* Project object */;
}
